
Microsoft Visual Studio Solution File, Format Version 12.00
# Visual Studio Version 17
VisualStudioVersion = 17.0.31903.59
MinimumVisualStudioVersion = 10.0.40219.1
Project("{2150E333-8FDC-42A3-9474-1A3956D46DE8}") = "src", "src", "{785A8837-7736-488A-8ADD-85555CC1BFD0}"
EndProject
Project("{2150E333-8FDC-42A3-9474-1A3956D46DE8}") = "test", "test", "{FEF46A37-18A9-414C-BC4F-19D1E974C4B9}"
EndProject
Project("{FAE04EC0-301F-11D3-BF4B-00C04F79EFBC}") = "Kwtc.Steam.Client", "src\Kwtc.Steam.Client\Kwtc.Steam.Client.csproj", "{46DB07E8-D4FD-45CA-97F5-E651ED459BBB}"
EndProject
Project("{FAE04EC0-301F-11D3-BF4B-00C04F79EFBC}") = "Kwtc.Steam.Client.Tests", "test\Kwtc.Steam.Client.Tests\Kwtc.Steam.Client.Tests.csproj", "{2DDC78AE-E6E1-4B6B-9657-ACDC613C7524}"
EndProject
Global
	GlobalSection(SolutionConfigurationPlatforms) = preSolution
		Debug|Any CPU = Debug|Any CPU
		Release|Any CPU = Release|Any CPU
	EndGlobalSection
	GlobalSection(SolutionProperties) = preSolution
		HideSolutionNode = FALSE
	EndGlobalSection
	GlobalSection(NestedProjects) = preSolution
		{46DB07E8-D4FD-45CA-97F5-E651ED459BBB} = {785A8837-7736-488A-8ADD-85555CC1BFD0}
		{2DDC78AE-E6E1-4B6B-9657-ACDC613C7524} = {FEF46A37-18A9-414C-BC4F-19D1E974C4B9}
	EndGlobalSection
	GlobalSection(ProjectConfigurationPlatforms) = postSolution
		{46DB07E8-D4FD-45CA-97F5-E651ED459BBB}.Debug|Any CPU.ActiveCfg = Debug|Any CPU
		{46DB07E8-D4FD-45CA-97F5-E651ED459BBB}.Debug|Any CPU.Build.0 = Debug|Any CPU
		{46DB07E8-D4FD-45CA-97F5-E651ED459BBB}.Release|Any CPU.ActiveCfg = Release|Any CPU
		{46DB07E8-D4FD-45CA-97F5-E651ED459BBB}.Release|Any CPU.Build.0 = Release|Any CPU
		{2DDC78AE-E6E1-4B6B-9657-ACDC613C7524}.Debug|Any CPU.ActiveCfg = Debug|Any CPU
		{2DDC78AE-E6E1-4B6B-9657-ACDC613C7524}.Debug|Any CPU.Build.0 = Debug|Any CPU
		{2DDC78AE-E6E1-4B6B-9657-ACDC613C7524}.Release|Any CPU.ActiveCfg = Release|Any CPU
		{2DDC78AE-E6E1-4B6B-9657-ACDC613C7524}.Release|Any CPU.Build.0 = Release|Any CPU
	EndGlobalSection
EndGlobal
